
Microsoft Visual Studio Solution File, Format Version 12.00
# Visual Studio Version 17
VisualStudioVersion = 17.7.34009.444
MinimumVisualStudioVersion = 10.0.40219.1
Project("{2150E333-8FDC-42A3-9474-1A3956D46DE8}") = "Lektion06", "Lektion06", "{9E43E791-B071-44F1-81A1-9F5ADFAB741E}"
EndProject
Project("{FAE04EC0-301F-11D3-BF4B-00C04F79EFBC}") = "Lektion06_01", "Lektion06_01\Lektion06_01.csproj", "{FAD35CF1-2060-4974-9047-2BA8B772A2AE}"
EndProject
Project("{FAE04EC0-301F-11D3-BF4B-00C04F79EFBC}") = "Lektion06_02", "Lektion06_02\Lektion06_02.csproj", "{7BAF65BB-15BE-416F-AF41-E11022E1B538}"
EndProject
Project("{2150E333-8FDC-42A3-9474-1A3956D46DE8}") = "Lektion07", "Lektion07", "{4130EBC4-57F5-4017-B937-F5161C559430}"
EndProject
Project("{FAE04EC0-301F-11D3-BF4B-00C04F79EFBC}") = "Lektion07_01", "Lektion07_01\Lektion07_01.csproj", "{EBF68685-99E8-41AB-8B31-DC3F523BE7AF}"
EndProject
Project("{FAE04EC0-301F-11D3-BF4B-00C04F79EFBC}") = "Lektion06_06", "Lektion06_06\Lektion06_06.csproj", "{0204D06F-D37B-4EC2-B4D0-43F452D046E2}"
EndProject
Project("{FAE04EC0-301F-11D3-BF4B-00C04F79EFBC}") = "Lektion06_07", "Lektion06_07\Lektion06_07.csproj", "{BFA9D489-3076-4906-9BC8-D07C2A5BBBAC}"
EndProject
Project("{FAE04EC0-301F-11D3-BF4B-00C04F79EFBC}") = "Lektion06_08", "Lektion06_08\Lektion06_08.csproj", "{4B5B3D54-0CA2-40FD-83D9-862EBD9532C4}"
EndProject
Project("{2150E333-8FDC-42A3-9474-1A3956D46DE8}") = "Lektion08", "Lektion08", "{53C3C31B-7E3B-401C-ACFA-0840168ECF09}"
EndProject
Project("{FAE04EC0-301F-11D3-BF4B-00C04F79EFBC}") = "Lektion08_01", "Lektion08_01\Lektion08_01.csproj", "{2711E05B-BAD7-4627-B9A6-7D9B7ADE07C8}"
EndProject
Global
	GlobalSection(SolutionConfigurationPlatforms) = preSolution
		Debug|Any CPU = Debug|Any CPU
		Release|Any CPU = Release|Any CPU
	EndGlobalSection
	GlobalSection(ProjectConfigurationPlatforms) = postSolution
		{FAD35CF1-2060-4974-9047-2BA8B772A2AE}.Debug|Any CPU.ActiveCfg = Debug|Any CPU
		{FAD35CF1-2060-4974-9047-2BA8B772A2AE}.Debug|Any CPU.Build.0 = Debug|Any CPU
		{FAD35CF1-2060-4974-9047-2BA8B772A2AE}.Release|Any CPU.ActiveCfg = Release|Any CPU
		{FAD35CF1-2060-4974-9047-2BA8B772A2AE}.Release|Any CPU.Build.0 = Release|Any CPU
		{7BAF65BB-15BE-416F-AF41-E11022E1B538}.Debug|Any CPU.ActiveCfg = Debug|Any CPU
		{7BAF65BB-15BE-416F-AF41-E11022E1B538}.Debug|Any CPU.Build.0 = Debug|Any CPU
		{7BAF65BB-15BE-416F-AF41-E11022E1B538}.Release|Any CPU.ActiveCfg = Release|Any CPU
		{7BAF65BB-15BE-416F-AF41-E11022E1B538}.Release|Any CPU.Build.0 = Release|Any CPU
		{EBF68685-99E8-41AB-8B31-DC3F523BE7AF}.Debug|Any CPU.ActiveCfg = Debug|Any CPU
		{EBF68685-99E8-41AB-8B31-DC3F523BE7AF}.Debug|Any CPU.Build.0 = Debug|Any CPU
		{EBF68685-99E8-41AB-8B31-DC3F523BE7AF}.Release|Any CPU.ActiveCfg = Release|Any CPU
		{EBF68685-99E8-41AB-8B31-DC3F523BE7AF}.Release|Any CPU.Build.0 = Release|Any CPU
		{0204D06F-D37B-4EC2-B4D0-43F452D046E2}.Debug|Any CPU.ActiveCfg = Debug|Any CPU
		{0204D06F-D37B-4EC2-B4D0-43F452D046E2}.Debug|Any CPU.Build.0 = Debug|Any CPU
		{0204D06F-D37B-4EC2-B4D0-43F452D046E2}.Release|Any CPU.ActiveCfg = Release|Any CPU
		{0204D06F-D37B-4EC2-B4D0-43F452D046E2}.Release|Any CPU.Build.0 = Release|Any CPU
		{BFA9D489-3076-4906-9BC8-D07C2A5BBBAC}.Debug|Any CPU.ActiveCfg = Debug|Any CPU
		{BFA9D489-3076-4906-9BC8-D07C2A5BBBAC}.Debug|Any CPU.Build.0 = Debug|Any CPU
		{BFA9D489-3076-4906-9BC8-D07C2A5BBBAC}.Release|Any CPU.ActiveCfg = Release|Any CPU
		{BFA9D489-3076-4906-9BC8-D07C2A5BBBAC}.Release|Any CPU.Build.0 = Release|Any CPU
		{4B5B3D54-0CA2-40FD-83D9-862EBD9532C4}.Debug|Any CPU.ActiveCfg = Debug|Any CPU
		{4B5B3D54-0CA2-40FD-83D9-862EBD9532C4}.Debug|Any CPU.Build.0 = Debug|Any CPU
		{4B5B3D54-0CA2-40FD-83D9-862EBD9532C4}.Release|Any CPU.ActiveCfg = Release|Any CPU
		{4B5B3D54-0CA2-40FD-83D9-862EBD9532C4}.Release|Any CPU.Build.0 = Release|Any CPU
		{2711E05B-BAD7-4627-B9A6-7D9B7ADE07C8}.Debug|Any CPU.ActiveCfg = Debug|Any CPU
		{2711E05B-BAD7-4627-B9A6-7D9B7ADE07C8}.Debug|Any CPU.Build.0 = Debug|Any CPU
		{2711E05B-BAD7-4627-B9A6-7D9B7ADE07C8}.Release|Any CPU.ActiveCfg = Release|Any CPU
		{2711E05B-BAD7-4627-B9A6-7D9B7ADE07C8}.Release|Any CPU.Build.0 = Release|Any CPU
	EndGlobalSection
	GlobalSection(SolutionProperties) = preSolution
		HideSolutionNode = FALSE
	EndGlobalSection
	GlobalSection(NestedProjects) = preSolution
		{FAD35CF1-2060-4974-9047-2BA8B772A2AE} = {9E43E791-B071-44F1-81A1-9F5ADFAB741E}
		{7BAF65BB-15BE-416F-AF41-E11022E1B538} = {9E43E791-B071-44F1-81A1-9F5ADFAB741E}
		{EBF68685-99E8-41AB-8B31-DC3F523BE7AF} = {4130EBC4-57F5-4017-B937-F5161C559430}
		{0204D06F-D37B-4EC2-B4D0-43F452D046E2} = {9E43E791-B071-44F1-81A1-9F5ADFAB741E}
		{BFA9D489-3076-4906-9BC8-D07C2A5BBBAC} = {9E43E791-B071-44F1-81A1-9F5ADFAB741E}
		{4B5B3D54-0CA2-40FD-83D9-862EBD9532C4} = {9E43E791-B071-44F1-81A1-9F5ADFAB741E}
		{2711E05B-BAD7-4627-B9A6-7D9B7ADE07C8} = {53C3C31B-7E3B-401C-ACFA-0840168ECF09}
	EndGlobalSection
	GlobalSection(ExtensibilityGlobals) = postSolution
		SolutionGuid = {E4E47AD6-545A-4F41-B118-78CAFED7CA4B}
	EndGlobalSection
EndGlobal
